
Microsoft Visual Studio Solution File, Format Version 12.00
# Visual Studio Version 17
VisualStudioVersion = 17.11.35327.3
MinimumVisualStudioVersion = 10.0.40219.1
Project("{FAE04EC0-301F-11D3-BF4B-00C04F79EFBC}") = "HesapMakinesi", "HesapMakinesi\HesapMakinesi.csproj", "{0B142A22-A9AC-4461-856F-9DFE96CC5455}"
EndProject
Global
	GlobalSection(SolutionConfigurationPlatforms) = preSolution
		Debug|Any CPU = Debug|Any CPU
		Release|Any CPU = Release|Any CPU
	EndGlobalSection
	GlobalSection(ProjectConfigurationPlatforms) = postSolution
		{0B142A22-A9AC-4461-856F-9DFE96CC5455}.Debug|Any CPU.ActiveCfg = Debug|Any CPU
		{0B142A22-A9AC-4461-856F-9DFE96CC5455}.Debug|Any CPU.Build.0 = Debug|Any CPU
		{0B142A22-A9AC-4461-856F-9DFE96CC5455}.Release|Any CPU.ActiveCfg = Release|Any CPU
		{0B142A22-A9AC-4461-856F-9DFE96CC5455}.Release|Any CPU.Build.0 = Release|Any CPU
	EndGlobalSection
	GlobalSection(SolutionProperties) = preSolution
		HideSolutionNode = FALSE
	EndGlobalSection
	GlobalSection(ExtensibilityGlobals) = postSolution
		SolutionGuid = {3F37C5EF-0425-476E-8F81-311215AD955B}
	EndGlobalSection
EndGlobal
